
Microsoft Visual Studio Solution File, Format Version 12.00
# Visual Studio Version 17
VisualStudioVersion = 17.8.34511.84
MinimumVisualStudioVersion = 10.0.40219.1
Project("{FAE04EC0-301F-11D3-BF4B-00C04F79EFBC}") = "InsuranceManagement", "InsuranceManagement\InsuranceManagement.csproj", "{EF2BDE49-FE03-49CA-923A-AA7C1269F972}"
EndProject
Global
	GlobalSection(SolutionConfigurationPlatforms) = preSolution
		Debug|Any CPU = Debug|Any CPU
		Release|Any CPU = Release|Any CPU
	EndGlobalSection
	GlobalSection(ProjectConfigurationPlatforms) = postSolution
		{EF2BDE49-FE03-49CA-923A-AA7C1269F972}.Debug|Any CPU.ActiveCfg = Debug|Any CPU
		{EF2BDE49-FE03-49CA-923A-AA7C1269F972}.Debug|Any CPU.Build.0 = Debug|Any CPU
		{EF2BDE49-FE03-49CA-923A-AA7C1269F972}.Release|Any CPU.ActiveCfg = Release|Any CPU
		{EF2BDE49-FE03-49CA-923A-AA7C1269F972}.Release|Any CPU.Build.0 = Release|Any CPU
	EndGlobalSection
	GlobalSection(SolutionProperties) = preSolution
		HideSolutionNode = FALSE
	EndGlobalSection
	GlobalSection(ExtensibilityGlobals) = postSolution
		SolutionGuid = {A21C0EC6-1F3B-4677-BFBA-29F1167BF179}
	EndGlobalSection
EndGlobal
