
Microsoft Visual Studio Solution File, Format Version 12.00
# Visual Studio Version 17
VisualStudioVersion = 17.7.34202.233
MinimumVisualStudioVersion = 10.0.40219.1
Project("{FAE04EC0-301F-11D3-BF4B-00C04F79EFBC}") = "EmpManagement_SQL_ADO", "EmpManagement_SQL_ADO\EmpManagement_SQL_ADO.csproj", "{B287B342-2A64-4070-A8A1-449344384993}"
EndProject
Global
	GlobalSection(SolutionConfigurationPlatforms) = preSolution
		Debug|Any CPU = Debug|Any CPU
		Release|Any CPU = Release|Any CPU
	EndGlobalSection
	GlobalSection(ProjectConfigurationPlatforms) = postSolution
		{B287B342-2A64-4070-A8A1-449344384993}.Debug|Any CPU.ActiveCfg = Debug|Any CPU
		{B287B342-2A64-4070-A8A1-449344384993}.Debug|Any CPU.Build.0 = Debug|Any CPU
		{B287B342-2A64-4070-A8A1-449344384993}.Release|Any CPU.ActiveCfg = Release|Any CPU
		{B287B342-2A64-4070-A8A1-449344384993}.Release|Any CPU.Build.0 = Release|Any CPU
	EndGlobalSection
	GlobalSection(SolutionProperties) = preSolution
		HideSolutionNode = FALSE
	EndGlobalSection
	GlobalSection(ExtensibilityGlobals) = postSolution
		SolutionGuid = {D80BF2BB-73C3-472C-85E8-B1215CD4194D}
	EndGlobalSection
EndGlobal
