
Microsoft Visual Studio Solution File, Format Version 12.00
# Visual Studio Version 17
VisualStudioVersion = 17.7.34202.233
MinimumVisualStudioVersion = 10.0.40219.1
Project("{FAE04EC0-301F-11D3-BF4B-00C04F79EFBC}") = "empAPP_EF", "empAPP_EF\empAPP_EF.csproj", "{21FDDE05-5258-424E-AEBC-8128EE9E76C9}"
EndProject
Global
	GlobalSection(SolutionConfigurationPlatforms) = preSolution
		Debug|Any CPU = Debug|Any CPU
		Release|Any CPU = Release|Any CPU
	EndGlobalSection
	GlobalSection(ProjectConfigurationPlatforms) = postSolution
		{21FDDE05-5258-424E-AEBC-8128EE9E76C9}.Debug|Any CPU.ActiveCfg = Debug|Any CPU
		{21FDDE05-5258-424E-AEBC-8128EE9E76C9}.Debug|Any CPU.Build.0 = Debug|Any CPU
		{21FDDE05-5258-424E-AEBC-8128EE9E76C9}.Release|Any CPU.ActiveCfg = Release|Any CPU
		{21FDDE05-5258-424E-AEBC-8128EE9E76C9}.Release|Any CPU.Build.0 = Release|Any CPU
	EndGlobalSection
	GlobalSection(SolutionProperties) = preSolution
		HideSolutionNode = FALSE
	EndGlobalSection
	GlobalSection(ExtensibilityGlobals) = postSolution
		SolutionGuid = {57D51CE7-659C-4921-AE4C-34E1DD7B486D}
	EndGlobalSection
EndGlobal
