
Microsoft Visual Studio Solution File, Format Version 12.00
# Visual Studio Version 17
VisualStudioVersion = 17.8.34511.84
MinimumVisualStudioVersion = 10.0.40219.1
Project("{FAE04EC0-301F-11D3-BF4B-00C04F79EFBC}") = "BankingAPP", "BankingAPP\BankingAPP.csproj", "{D5D48BE6-30C5-41E8-9794-32D47294D9A3}"
EndProject
Global
	GlobalSection(SolutionConfigurationPlatforms) = preSolution
		Debug|Any CPU = Debug|Any CPU
		Release|Any CPU = Release|Any CPU
	EndGlobalSection
	GlobalSection(ProjectConfigurationPlatforms) = postSolution
		{D5D48BE6-30C5-41E8-9794-32D47294D9A3}.Debug|Any CPU.ActiveCfg = Debug|Any CPU
		{D5D48BE6-30C5-41E8-9794-32D47294D9A3}.Debug|Any CPU.Build.0 = Debug|Any CPU
		{D5D48BE6-30C5-41E8-9794-32D47294D9A3}.Release|Any CPU.ActiveCfg = Release|Any CPU
		{D5D48BE6-30C5-41E8-9794-32D47294D9A3}.Release|Any CPU.Build.0 = Release|Any CPU
	EndGlobalSection
	GlobalSection(SolutionProperties) = preSolution
		HideSolutionNode = FALSE
	EndGlobalSection
	GlobalSection(ExtensibilityGlobals) = postSolution
		SolutionGuid = {CB5F89B2-91BA-460B-9E1B-5D0A0B31709C}
	EndGlobalSection
EndGlobal
