
Microsoft Visual Studio Solution File, Format Version 12.00
# Visual Studio Version 17
VisualStudioVersion = 17.7.34202.233
MinimumVisualStudioVersion = 10.0.40219.1
Project("{FAE04EC0-301F-11D3-BF4B-00C04F79EFBC}") = "bankingAPP_EF", "bankingAPP_EF\bankingAPP_EF.csproj", "{6B96833D-FDA5-4D10-AB1A-FD7763649C49}"
EndProject
Global
	GlobalSection(SolutionConfigurationPlatforms) = preSolution
		Debug|Any CPU = Debug|Any CPU
		Release|Any CPU = Release|Any CPU
	EndGlobalSection
	GlobalSection(ProjectConfigurationPlatforms) = postSolution
		{6B96833D-FDA5-4D10-AB1A-FD7763649C49}.Debug|Any CPU.ActiveCfg = Debug|Any CPU
		{6B96833D-FDA5-4D10-AB1A-FD7763649C49}.Debug|Any CPU.Build.0 = Debug|Any CPU
		{6B96833D-FDA5-4D10-AB1A-FD7763649C49}.Release|Any CPU.ActiveCfg = Release|Any CPU
		{6B96833D-FDA5-4D10-AB1A-FD7763649C49}.Release|Any CPU.Build.0 = Release|Any CPU
	EndGlobalSection
	GlobalSection(SolutionProperties) = preSolution
		HideSolutionNode = FALSE
	EndGlobalSection
	GlobalSection(ExtensibilityGlobals) = postSolution
		SolutionGuid = {366CAB5E-6042-4E3B-BE41-F19B4BFEFC76}
	EndGlobalSection
EndGlobal
